
Microsoft Visual Studio Solution File, Format Version 12.00
# Visual Studio 15
VisualStudioVersion = 15.0.28307.329
MinimumVisualStudioVersion = 10.0.40219.1
Project("{FAE04EC0-301F-11D3-BF4B-00C04F79EFBC}") = "Capitulo04.Android", "Capitulo04\Capitulo04.Android\Capitulo04.Android.csproj", "{FDC1A8CB-8D28-403B-B7C9-6E9D7BC7A663}"
EndProject
Project("{FAE04EC0-301F-11D3-BF4B-00C04F79EFBC}") = "Capitulo04.iOS", "Capitulo04\Capitulo04.iOS\Capitulo04.iOS.csproj", "{5E38A500-A034-44BC-975B-F54DF1731F75}"
EndProject
Project("{FAE04EC0-301F-11D3-BF4B-00C04F79EFBC}") = "Capitulo04", "Capitulo04\Capitulo04\Capitulo04.csproj", "{6DE1D009-4973-4EEB-9224-817D6122928D}"
EndProject
Global
	GlobalSection(SolutionConfigurationPlatforms) = preSolution
		Ad-Hoc|Any CPU = Ad-Hoc|Any CPU
		Ad-Hoc|iPhone = Ad-Hoc|iPhone
		Ad-Hoc|iPhoneSimulator = Ad-Hoc|iPhoneSimulator
		AppStore|Any CPU = AppStore|Any CPU
		AppStore|iPhone = AppStore|iPhone
		AppStore|iPhoneSimulator = AppStore|iPhoneSimulator
		Debug|Any CPU = Debug|Any CPU
		Debug|iPhone = Debug|iPhone
		Debug|iPhoneSimulator = Debug|iPhoneSimulator
		Release|Any CPU = Release|Any CPU
		Release|iPhone = Release|iPhone
		Release|iPhoneSimulator = Release|iPhoneSimulator
	EndGlobalSection
	GlobalSection(ProjectConfigurationPlatforms) = postSolution
		{FDC1A8CB-8D28-403B-B7C9-6E9D7BC7A663}.Ad-Hoc|Any CPU.ActiveCfg = Release|Any CPU
		{FDC1A8CB-8D28-403B-B7C9-6E9D7BC7A663}.Ad-Hoc|Any CPU.Build.0 = Release|Any CPU
		{FDC1A8CB-8D28-403B-B7C9-6E9D7BC7A663}.Ad-Hoc|Any CPU.Deploy.0 = Release|Any CPU
		{FDC1A8CB-8D28-403B-B7C9-6E9D7BC7A663}.Ad-Hoc|iPhone.ActiveCfg = Release|Any CPU
		{FDC1A8CB-8D28-403B-B7C9-6E9D7BC7A663}.Ad-Hoc|iPhone.Build.0 = Release|Any CPU
		{FDC1A8CB-8D28-403B-B7C9-6E9D7BC7A663}.Ad-Hoc|iPhone.Deploy.0 = Release|Any CPU
		{FDC1A8CB-8D28-403B-B7C9-6E9D7BC7A663}.Ad-Hoc|iPhoneSimulator.ActiveCfg = Release|Any CPU
		{FDC1A8CB-8D28-403B-B7C9-6E9D7BC7A663}.Ad-Hoc|iPhoneSimulator.Build.0 = Release|Any CPU
		{FDC1A8CB-8D28-403B-B7C9-6E9D7BC7A663}.Ad-Hoc|iPhoneSimulator.Deploy.0 = Release|Any CPU
		{FDC1A8CB-8D28-403B-B7C9-6E9D7BC7A663}.AppStore|Any CPU.ActiveCfg = Release|Any CPU
		{FDC1A8CB-8D28-403B-B7C9-6E9D7BC7A663}.AppStore|Any CPU.Build.0 = Release|Any CPU
		{FDC1A8CB-8D28-403B-B7C9-6E9D7BC7A663}.AppStore|Any CPU.Deploy.0 = Release|Any CPU
		{FDC1A8CB-8D28-403B-B7C9-6E9D7BC7A663}.AppStore|iPhone.ActiveCfg = Release|Any CPU
		{FDC1A8CB-8D28-403B-B7C9-6E9D7BC7A663}.AppStore|iPhone.Build.0 = Release|Any CPU
		{FDC1A8CB-8D28-403B-B7C9-6E9D7BC7A663}.AppStore|iPhone.Deploy.0 = Release|Any CPU
		{FDC1A8CB-8D28-403B-B7C9-6E9D7BC7A663}.AppStore|iPhoneSimulator.ActiveCfg = Release|Any CPU
		{FDC1A8CB-8D28-403B-B7C9-6E9D7BC7A663}.AppStore|iPhoneSimulator.Build.0 = Release|Any CPU
		{FDC1A8CB-8D28-403B-B7C9-6E9D7BC7A663}.AppStore|iPhoneSimulator.Deploy.0 = Release|Any CPU
		{FDC1A8CB-8D28-403B-B7C9-6E9D7BC7A663}.Debug|Any CPU.ActiveCfg = Debug|Any CPU
		{FDC1A8CB-8D28-403B-B7C9-6E9D7BC7A663}.Debug|Any CPU.Build.0 = Debug|Any CPU
		{FDC1A8CB-8D28-403B-B7C9-6E9D7BC7A663}.Debug|Any CPU.Deploy.0 = Debug|Any CPU
		{FDC1A8CB-8D28-403B-B7C9-6E9D7BC7A663}.Debug|iPhone.ActiveCfg = Debug|Any CPU
		{FDC1A8CB-8D28-403B-B7C9-6E9D7BC7A663}.Debug|iPhone.Build.0 = Debug|Any CPU
		{FDC1A8CB-8D28-403B-B7C9-6E9D7BC7A663}.Debug|iPhone.Deploy.0 = Debug|Any CPU
		{FDC1A8CB-8D28-403B-B7C9-6E9D7BC7A663}.Debug|iPhoneSimulator.ActiveCfg = Debug|Any CPU
		{FDC1A8CB-8D28-403B-B7C9-6E9D7BC7A663}.Debug|iPhoneSimulator.Build.0 = Debug|Any CPU
		{FDC1A8CB-8D28-403B-B7C9-6E9D7BC7A663}.Debug|iPhoneSimulator.Deploy.0 = Debug|Any CPU
		{FDC1A8CB-8D28-403B-B7C9-6E9D7BC7A663}.Release|Any CPU.ActiveCfg = Release|Any CPU
		{FDC1A8CB-8D28-403B-B7C9-6E9D7BC7A663}.Release|Any CPU.Build.0 = Release|Any CPU
		{FDC1A8CB-8D28-403B-B7C9-6E9D7BC7A663}.Release|Any CPU.Deploy.0 = Release|Any CPU
		{FDC1A8CB-8D28-403B-B7C9-6E9D7BC7A663}.Release|iPhone.ActiveCfg = Release|Any CPU
		{FDC1A8CB-8D28-403B-B7C9-6E9D7BC7A663}.Release|iPhone.Build.0 = Release|Any CPU
		{FDC1A8CB-8D28-403B-B7C9-6E9D7BC7A663}.Release|iPhone.Deploy.0 = Release|Any CPU
		{FDC1A8CB-8D28-403B-B7C9-6E9D7BC7A663}.Release|iPhoneSimulator.ActiveCfg = Release|Any CPU
		{FDC1A8CB-8D28-403B-B7C9-6E9D7BC7A663}.Release|iPhoneSimulator.Build.0 = Release|Any CPU
		{FDC1A8CB-8D28-403B-B7C9-6E9D7BC7A663}.Release|iPhoneSimulator.Deploy.0 = Release|Any CPU
		{5E38A500-A034-44BC-975B-F54DF1731F75}.Ad-Hoc|Any CPU.ActiveCfg = Ad-Hoc|iPhone
		{5E38A500-A034-44BC-975B-F54DF1731F75}.Ad-Hoc|Any CPU.Build.0 = Ad-Hoc|iPhone
		{5E38A500-A034-44BC-975B-F54DF1731F75}.Ad-Hoc|Any CPU.Deploy.0 = Ad-Hoc|iPhone
		{5E38A500-A034-44BC-975B-F54DF1731F75}.Ad-Hoc|iPhone.ActiveCfg = Ad-Hoc|iPhone
		{5E38A500-A034-44BC-975B-F54DF1731F75}.Ad-Hoc|iPhone.Build.0 = Ad-Hoc|iPhone
		{5E38A500-A034-44BC-975B-F54DF1731F75}.Ad-Hoc|iPhone.Deploy.0 = Ad-Hoc|iPhone
		{5E38A500-A034-44BC-975B-F54DF1731F75}.Ad-Hoc|iPhoneSimulator.ActiveCfg = Ad-Hoc|iPhoneSimulator
		{5E38A500-A034-44BC-975B-F54DF1731F75}.Ad-Hoc|iPhoneSimulator.Build.0 = Ad-Hoc|iPhoneSimulator
		{5E38A500-A034-44BC-975B-F54DF1731F75}.Ad-Hoc|iPhoneSimulator.Deploy.0 = Ad-Hoc|iPhoneSimulator
		{5E38A500-A034-44BC-975B-F54DF1731F75}.AppStore|Any CPU.ActiveCfg = AppStore|iPhone
		{5E38A500-A034-44BC-975B-F54DF1731F75}.AppStore|Any CPU.Build.0 = AppStore|iPhone
		{5E38A500-A034-44BC-975B-F54DF1731F75}.AppStore|Any CPU.Deploy.0 = AppStore|iPhone
		{5E38A500-A034-44BC-975B-F54DF1731F75}.AppStore|iPhone.ActiveCfg = AppStore|iPhone
		{5E38A500-A034-44BC-975B-F54DF1731F75}.AppStore|iPhone.Build.0 = AppStore|iPhone
		{5E38A500-A034-44BC-975B-F54DF1731F75}.AppStore|iPhone.Deploy.0 = AppStore|iPhone
		{5E38A500-A034-44BC-975B-F54DF1731F75}.AppStore|iPhoneSimulator.ActiveCfg = AppStore|iPhoneSimulator
		{5E38A500-A034-44BC-975B-F54DF1731F75}.AppStore|iPhoneSimulator.Build.0 = AppStore|iPhoneSimulator
		{5E38A500-A034-44BC-975B-F54DF1731F75}.AppStore|iPhoneSimulator.Deploy.0 = AppStore|iPhoneSimulator
		{5E38A500-A034-44BC-975B-F54DF1731F75}.Debug|Any CPU.ActiveCfg = Debug|iPhoneSimulator
		{5E38A500-A034-44BC-975B-F54DF1731F75}.Debug|Any CPU.Build.0 = Debug|iPhoneSimulator
		{5E38A500-A034-44BC-975B-F54DF1731F75}.Debug|Any CPU.Deploy.0 = Debug|iPhoneSimulator
		{5E38A500-A034-44BC-975B-F54DF1731F75}.Debug|iPhone.ActiveCfg = Debug|iPhone
		{5E38A500-A034-44BC-975B-F54DF1731F75}.Debug|iPhone.Build.0 = Debug|iPhone
		{5E38A500-A034-44BC-975B-F54DF1731F75}.Debug|iPhone.Deploy.0 = Debug|iPhone
		{5E38A500-A034-44BC-975B-F54DF1731F75}.Debug|iPhoneSimulator.ActiveCfg = Debug|iPhoneSimulator
		{5E38A500-A034-44BC-975B-F54DF1731F75}.Debug|iPhoneSimulator.Build.0 = Debug|iPhoneSimulator
		{5E38A500-A034-44BC-975B-F54DF1731F75}.Debug|iPhoneSimulator.Deploy.0 = Debug|iPhoneSimulator
		{5E38A500-A034-44BC-975B-F54DF1731F75}.Release|Any CPU.ActiveCfg = Release|iPhone
		{5E38A500-A034-44BC-975B-F54DF1731F75}.Release|Any CPU.Build.0 = Release|iPhone
		{5E38A500-A034-44BC-975B-F54DF1731F75}.Release|Any CPU.Deploy.0 = Release|iPhone
		{5E38A500-A034-44BC-975B-F54DF1731F75}.Release|iPhone.ActiveCfg = Release|iPhone
		{5E38A500-A034-44BC-975B-F54DF1731F75}.Release|iPhone.Build.0 = Release|iPhone
		{5E38A500-A034-44BC-975B-F54DF1731F75}.Release|iPhone.Deploy.0 = Release|iPhone
		{5E38A500-A034-44BC-975B-F54DF1731F75}.Release|iPhoneSimulator.ActiveCfg = Release|iPhoneSimulator
		{5E38A500-A034-44BC-975B-F54DF1731F75}.Release|iPhoneSimulator.Build.0 = Release|iPhoneSimulator
		{5E38A500-A034-44BC-975B-F54DF1731F75}.Release|iPhoneSimulator.Deploy.0 = Release|iPhoneSimulator
		{6DE1D009-4973-4EEB-9224-817D6122928D}.Ad-Hoc|Any CPU.ActiveCfg = Debug|Any CPU
		{6DE1D009-4973-4EEB-9224-817D6122928D}.Ad-Hoc|Any CPU.Build.0 = Debug|Any CPU
		{6DE1D009-4973-4EEB-9224-817D6122928D}.Ad-Hoc|Any CPU.Deploy.0 = Debug|Any CPU
		{6DE1D009-4973-4EEB-9224-817D6122928D}.Ad-Hoc|iPhone.ActiveCfg = Debug|Any CPU
		{6DE1D009-4973-4EEB-9224-817D6122928D}.Ad-Hoc|iPhone.Build.0 = Debug|Any CPU
		{6DE1D009-4973-4EEB-9224-817D6122928D}.Ad-Hoc|iPhone.Deploy.0 = Debug|Any CPU
		{6DE1D009-4973-4EEB-9224-817D6122928D}.Ad-Hoc|iPhoneSimulator.ActiveCfg = Debug|Any CPU
		{6DE1D009-4973-4EEB-9224-817D6122928D}.Ad-Hoc|iPhoneSimulator.Build.0 = Debug|Any CPU
		{6DE1D009-4973-4EEB-9224-817D6122928D}.Ad-Hoc|iPhoneSimulator.Deploy.0 = Debug|Any CPU
		{6DE1D009-4973-4EEB-9224-817D6122928D}.AppStore|Any CPU.ActiveCfg = Debug|Any CPU
		{6DE1D009-4973-4EEB-9224-817D6122928D}.AppStore|Any CPU.Build.0 = Debug|Any CPU
		{6DE1D009-4973-4EEB-9224-817D6122928D}.AppStore|Any CPU.Deploy.0 = Debug|Any CPU
		{6DE1D009-4973-4EEB-9224-817D6122928D}.AppStore|iPhone.ActiveCfg = Debug|Any CPU
		{6DE1D009-4973-4EEB-9224-817D6122928D}.AppStore|iPhone.Build.0 = Debug|Any CPU
		{6DE1D009-4973-4EEB-9224-817D6122928D}.AppStore|iPhone.Deploy.0 = Debug|Any CPU
		{6DE1D009-4973-4EEB-9224-817D6122928D}.AppStore|iPhoneSimulator.ActiveCfg = Debug|Any CPU
		{6DE1D009-4973-4EEB-9224-817D6122928D}.AppStore|iPhoneSimulator.Build.0 = Debug|Any CPU
		{6DE1D009-4973-4EEB-9224-817D6122928D}.AppStore|iPhoneSimulator.Deploy.0 = Debug|Any CPU
		{6DE1D009-4973-4EEB-9224-817D6122928D}.Debug|Any CPU.ActiveCfg = Debug|Any CPU
		{6DE1D009-4973-4EEB-9224-817D6122928D}.Debug|Any CPU.Build.0 = Debug|Any CPU
		{6DE1D009-4973-4EEB-9224-817D6122928D}.Debug|Any CPU.Deploy.0 = Debug|Any CPU
		{6DE1D009-4973-4EEB-9224-817D6122928D}.Debug|iPhone.ActiveCfg = Debug|Any CPU
		{6DE1D009-4973-4EEB-9224-817D6122928D}.Debug|iPhone.Build.0 = Debug|Any CPU
		{6DE1D009-4973-4EEB-9224-817D6122928D}.Debug|iPhone.Deploy.0 = Debug|Any CPU
		{6DE1D009-4973-4EEB-9224-817D6122928D}.Debug|iPhoneSimulator.ActiveCfg = Debug|Any CPU
		{6DE1D009-4973-4EEB-9224-817D6122928D}.Debug|iPhoneSimulator.Build.0 = Debug|Any CPU
		{6DE1D009-4973-4EEB-9224-817D6122928D}.Debug|iPhoneSimulator.Deploy.0 = Debug|Any CPU
		{6DE1D009-4973-4EEB-9224-817D6122928D}.Release|Any CPU.ActiveCfg = Release|Any CPU
		{6DE1D009-4973-4EEB-9224-817D6122928D}.Release|Any CPU.Build.0 = Release|Any CPU
		{6DE1D009-4973-4EEB-9224-817D6122928D}.Release|Any CPU.Deploy.0 = Release|Any CPU
		{6DE1D009-4973-4EEB-9224-817D6122928D}.Release|iPhone.ActiveCfg = Release|Any CPU
		{6DE1D009-4973-4EEB-9224-817D6122928D}.Release|iPhone.Build.0 = Release|Any CPU
		{6DE1D009-4973-4EEB-9224-817D6122928D}.Release|iPhone.Deploy.0 = Release|Any CPU
		{6DE1D009-4973-4EEB-9224-817D6122928D}.Release|iPhoneSimulator.ActiveCfg = Release|Any CPU
		{6DE1D009-4973-4EEB-9224-817D6122928D}.Release|iPhoneSimulator.Build.0 = Release|Any CPU
		{6DE1D009-4973-4EEB-9224-817D6122928D}.Release|iPhoneSimulator.Deploy.0 = Release|Any CPU
	EndGlobalSection
	GlobalSection(SolutionProperties) = preSolution
		HideSolutionNode = FALSE
	EndGlobalSection
	GlobalSection(ExtensibilityGlobals) = postSolution
		SolutionGuid = {58EEF3A4-FCF5-4F53-9845-8EDC8C521171}
	EndGlobalSection
EndGlobal
